// !$*UTF8*$!
{
	archiveVersion = 1;
	classes = {
	};
	objectVersion = 77;
	objects = {

/* Begin PBXBuildFile section */
		FD30CDC22F0B83AD0084A1A4 /* Auth in Frameworks */ = {isa = PBXBuildFile; productRef = FD30CDC12F0B83AD0084A1A4 /* Auth */; };
		FD30CDC42F0B83AD0084A1A4 /* Functions in Frameworks */ = {isa = PBXBuildFile; productRef = FD30CDC32F0B83AD0084A1A4 /* Functions */; };
		FD30CDC62F0B83AD0084A1A4 /* Realtime in Frameworks */ = {isa = PBXBuildFile; productRef = FD30CDC52F0B83AD0084A1A4 /* Realtime */; };
		FD30CDC82F0B83AD0084A1A4 /* Supabase in Frameworks */ = {isa = PBXBuildFile; productRef = FD30CDC72F0B83AD0084A1A4 /* Supabase */; };
/* End PBXBuildFile section */

/* Begin PBXContainerItemProxy section */
		C9869E177C1842B3B1C9693D /* PBXContainerItemProxy */ = {
			isa = PBXContainerItemProxy;
			containerPortal = FD30CDAA2F0B83530084A1A4 /* Project object */;
			proxyType = 1;
			remoteGlobalIDString = FD30CDB12F0B83530084A1A4 /* SupabaseTest */;
			remoteInfo = SupabaseTest;
		};
/* End PBXContainerItemProxy section */

/* Begin PBXFileReference section */
		FD30CDB22F0B83530084A1A4 /* SupabaseTest.app */ = {isa = PBXFileReference; explicitFileType = wrapper.application; includeInIndex = 0; path = SupabaseTest.app; sourceTree = BUILT_PRODUCTS_DIR; };
		846CFBFD935B4259A6117484 /* SupabaseTestTests.xctest */ = {isa = PBXFileReference; explicitFileType = wrapper.cfbundle; includeInIndex = 0; path = SupabaseTestTests.xctest; sourceTree = BUILT_PRODUCTS_DIR; };
/* End PBXFileReference section */

/* Begin PBXFileSystemSynchronizedRootGroup section */
		FD30CDB42F0B83530084A1A4 /* SupabaseTest */ = {
			isa = PBXFileSystemSynchronizedRootGroup;
			path = SupabaseTest;
			sourceTree = "<group>";
		};
		4DF8B7D61A2D4F5686F710DD /* SupabaseTestTests */ = {
			isa = PBXFileSystemSynchronizedRootGroup;
			path = SupabaseTestTests;
			sourceTree = "<group>";
		};
/* End PBXFileSystemSynchronizedRootGroup section */

/* Begin PBXFrameworksBuildPhase section */
		FD30CDAF2F0B83530084A1A4 /* Frameworks */ = {
			isa = PBXFrameworksBuildPhase;
			buildActionMask = 2147483647;
			files = (
				FD30CDC62F0B83AD0084A1A4 /* Realtime in Frameworks */,
				FD30CDC42F0B83AD0084A1A4 /* Functions in Frameworks */,
				FD30CDC22F0B83AD0084A1A4 /* Auth in Frameworks */,
				FD30CDC82F0B83AD0084A1A4 /* Supabase in Frameworks */,
			);
			runOnlyForDeploymentPostprocessing = 0;
		};
		6B6AD57A5B2C43D3885A1C48 /* Frameworks */ = {
			isa = PBXFrameworksBuildPhase;
			buildActionMask = 2147483647;
			files = (
			);
			runOnlyForDeploymentPostprocessing = 0;
		};
/* End PBXFrameworksBuildPhase section */

/* Begin PBXGroup section */
		FD30CDA92F0B83530084A1A4 = {
			isa = PBXGroup;
			children = (
				FD30CDB42F0B83530084A1A4 /* SupabaseTest */,
				4DF8B7D61A2D4F5686F710DD /* SupabaseTestTests */,
				FD30CDB32F0B83530084A1A4 /* Products */,
			);
			sourceTree = "<group>";
		};
		FD30CDB32F0B83530084A1A4 /* Products */ = {
			isa = PBXGroup;
			children = (
				FD30CDB22F0B83530084A1A4 /* SupabaseTest.app */,
				846CFBFD935B4259A6117484 /* SupabaseTestTests.xctest */,
			);
			name = Products;
			sourceTree = "<group>";
		};
/* End PBXGroup section */

/* Begin PBXNativeTarget section */
		FD30CDB12F0B83530084A1A4 /* SupabaseTest */ = {
			isa = PBXNativeTarget;
			buildConfigurationList = FD30CDBD2F0B83550084A1A4 /* Build configuration list for PBXNativeTarget "SupabaseTest" */;
			buildPhases = (
				FD30CDAE2F0B83530084A1A4 /* Sources */,
				FD30CDAF2F0B83530084A1A4 /* Frameworks */,
				FD30CDB02F0B83530084A1A4 /* Resources */,
			);
			buildRules = (
			);
			dependencies = (
			);
			fileSystemSynchronizedGroups = (
				FD30CDB42F0B83530084A1A4 /* SupabaseTest */,
			);
			name = SupabaseTest;
			packageProductDependencies = (
				FD30CDC12F0B83AD0084A1A4 /* Auth */,
				FD30CDC32F0B83AD0084A1A4 /* Functions */,
				FD30CDC52F0B83AD0084A1A4 /* Realtime */,
				FD30CDC72F0B83AD0084A1A4 /* Supabase */,
			);
			productName = SupabaseTest;
			productReference = FD30CDB22F0B83530084A1A4 /* SupabaseTest.app */;
			productType = "com.apple.product-type.application";
		};
		605FC37C8E584A07B1EF4051 /* SupabaseTestTests */ = {
			isa = PBXNativeTarget;
			buildConfigurationList = 5024B0F29FA245D1B94D84E7 /* Build configuration list for PBXNativeTarget "SupabaseTestTests" */;
			buildPhases = (
				2B3543F7A32A429A91ECE5AD /* Sources */,
				6B6AD57A5B2C43D3885A1C48 /* Frameworks */,
				935B463257584FBF9322821A /* Resources */,
			);
			buildRules = (
			);
			dependencies = (
				CA66F895C5FF4F7483CEC883 /* PBXTargetDependency */,
			);
			fileSystemSynchronizedGroups = (
				4DF8B7D61A2D4F5686F710DD /* SupabaseTestTests */,
			);
			name = SupabaseTestTests;
			productName = SupabaseTestTests;
			productReference = 846CFBFD935B4259A6117484 /* SupabaseTestTests.xctest */;
			productType = "com.apple.product-type.bundle.unit-test";
		};
/* End PBXNativeTarget section */

/* Begin PBXProject section */
		FD30CDAA2F0B83530084A1A4 /* Project object */ = {
			isa = PBXProject;
			attributes = {
				BuildIndependentTargetsInParallel = 1;
				LastSwiftUpdateCheck = 2620;
				LastUpgradeCheck = 2620;
				TargetAttributes = {
					FD30CDB12F0B83530084A1A4 = {
						CreatedOnToolsVersion = 26.2;
					};
					605FC37C8E584A07B1EF4051 = {
						CreatedOnToolsVersion = 26.2;
						TestTargetID = FD30CDB12F0B83530084A1A4;
					};
				};
			};
			buildConfigurationList = FD30CDAD2F0B83530084A1A4 /* Build configuration list for PBXProject "SupabaseTest" */;
			developmentRegion = en;
			hasScannedForEncodings = 0;
			knownRegions = (
				en,
				Base,
			);
			mainGroup = FD30CDA92F0B83530084A1A4;
			minimizedProjectReferenceProxies = 1;
			packageReferences = (
				FD30CDC02F0B83AD0084A1A4 /* XCRemoteSwiftPackageReference "supabase-swift" */,
			);
			preferredProjectObjectVersion = 77;
			productRefGroup = FD30CDB32F0B83530084A1A4 /* Products */;
			projectDirPath = "";
			projectRoot = "";
			targets = (
				FD30CDB12F0B83530084A1A4 /* SupabaseTest */,
				605FC37C8E584A07B1EF4051 /* SupabaseTestTests */,
			);
		};
/* End PBXProject section */

/* Begin PBXResourcesBuildPhase section */
		FD30CDB02F0B83530084A1A4 /* Resources */ = {
			isa = PBXResourcesBuildPhase;
			buildActionMask = 2147483647;
			files = (
			);
			runOnlyForDeploymentPostprocessing = 0;
		};
		935B463257584FBF9322821A /* Resources */ = {
			isa = PBXResourcesBuildPhase;
			buildActionMask = 2147483647;
			files = (
			);
			runOnlyForDeploymentPostprocessing = 0;
		};
/* End PBXResourcesBuildPhase section */

/* Begin PBXSourcesBuildPhase section */
		FD30CDAE2F0B83530084A1A4 /* Sources */ = {
			isa = PBXSourcesBuildPhase;
			buildActionMask = 2147483647;
			files = (
			);
			runOnlyForDeploymentPostprocessing = 0;
		};
		2B3543F7A32A429A91ECE5AD /* Sources */ = {
			isa = PBXSourcesBuildPhase;
			buildActionMask = 2147483647;
			files = (
			);
			runOnlyForDeploymentPostprocessing = 0;
		};
/* End PBXSourcesBuildPhase section */

/* Begin PBXTargetDependency section */
		CA66F895C5FF4F7483CEC883 /* PBXTargetDependency */ = {
			isa = PBXTargetDependency;
			target = FD30CDB12F0B83530084A1A4 /* SupabaseTest */;
			targetProxy = C9869E177C1842B3B1C9693D /* PBXContainerItemProxy */;
		};
/* End PBXTargetDependency section */

/* Begin XCBuildConfiguration section */
		FD30CDBB2F0B83550084A1A4 /* Debug */ = {
			isa = XCBuildConfiguration;
			buildSettings = {
				ALWAYS_SEARCH_USER_PATHS = NO;
				ASSETCATALOG_COMPILER_GENERATE_SWIFT_ASSET_SYMBOL_EXTENSIONS = YES;
				CLANG_ANALYZER_NONNULL = YES;
				CLANG_ANALYZER_NUMBER_OBJECT_CONVERSION = YES_AGGRESSIVE;
				CLANG_CXX_LANGUAGE_STANDARD = "gnu++20";
				CLANG_ENABLE_MODULES = YES;
				CLANG_ENABLE_OBJC_ARC = YES;
				CLANG_ENABLE_OBJC_WEAK = YES;
				CLANG_WARN_BLOCK_CAPTURE_AUTORELEASING = YES;
				CLANG_WARN_BOOL_CONVERSION = YES;
				CLANG_WARN_COMMA = YES;
				CLANG_WARN_CONSTANT_CONVERSION = YES;
				CLANG_WARN_DEPRECATED_OBJC_IMPLEMENTATIONS = YES;
				CLANG_WARN_DIRECT_OBJC_ISA_USAGE = YES_ERROR;
				CLANG_WARN_DOCUMENTATION_COMMENTS = YES;
				CLANG_WARN_EMPTY_BODY = YES;
				CLANG_WARN_ENUM_CONVERSION = YES;
				CLANG_WARN_INFINITE_RECURSION = YES;
				CLANG_WARN_INT_CONVERSION = YES;
				CLANG_WARN_NON_LITERAL_NULL_CONVERSION = YES;
				CLANG_WARN_OBJC_IMPLICIT_RETAIN_SELF = YES;
				CLANG_WARN_OBJC_LITERAL_CONVERSION = YES;
				CLANG_WARN_OBJC_ROOT_CLASS = YES_ERROR;
				CLANG_WARN_QUOTED_INCLUDE_IN_FRAMEWORK_HEADER = YES;
				CLANG_WARN_RANGE_LOOP_ANALYSIS = YES;
				CLANG_WARN_STRICT_PROTOTYPES = YES;
				CLANG_WARN_SUSPICIOUS_MOVE = YES;
				CLANG_WARN_UNGUARDED_AVAILABILITY = YES_AGGRESSIVE;
				CLANG_WARN_UNREACHABLE_CODE = YES;
				CLANG_WARN__DUPLICATE_METHOD_MATCH = YES;
				COPY_PHASE_STRIP = NO;
				DEBUG_INFORMATION_FORMAT = dwarf;
				DEVELOPMENT_TEAM = J6WS485C6Q;
				ENABLE_STRICT_OBJC_MSGSEND = YES;
				ENABLE_TESTABILITY = YES;
				ENABLE_USER_SCRIPT_SANDBOXING = YES;
				GCC_C_LANGUAGE_STANDARD = gnu17;
				GCC_DYNAMIC_NO_PIC = NO;
				GCC_NO_COMMON_BLOCKS = YES;
				GCC_OPTIMIZATION_LEVEL = 0;
				GCC_PREPROCESSOR_DEFINITIONS = (
					"DEBUG=1",
					"$(inherited)",
				);
				GCC_WARN_64_TO_32_BIT_CONVERSION = YES;
				GCC_WARN_ABOUT_RETURN_TYPE = YES_ERROR;
				GCC_WARN_UNDECLARED_SELECTOR = YES;
				GCC_WARN_UNINITIALIZED_AUTOS = YES_AGGRESSIVE;
				GCC_WARN_UNUSED_FUNCTION = YES;
				GCC_WARN_UNUSED_VARIABLE = YES;
				LOCALIZATION_PREFERS_STRING_CATALOGS = YES;
				MTL_ENABLE_DEBUG_INFO = INCLUDE_SOURCE;
				MTL_FAST_MATH = YES;
				ONLY_ACTIVE_ARCH = YES;
				SWIFT_ACTIVE_COMPILATION_CONDITIONS = "DEBUG $(inherited)";
				SWIFT_OPTIMIZATION_LEVEL = "-Onone";
			};
			name = Debug;
		};
		FD30CDBC2F0B83550084A1A4 /* Release */ = {
			isa = XCBuildConfiguration;
			buildSettings = {
				ALWAYS_SEARCH_USER_PATHS = NO;
				ASSETCATALOG_COMPILER_GENERATE_SWIFT_ASSET_SYMBOL_EXTENSIONS = YES;
				CLANG_ANALYZER_NONNULL = YES;
				CLANG_ANALYZER_NUMBER_OBJECT_CONVERSION = YES_AGGRESSIVE;
				CLANG_CXX_LANGUAGE_STANDARD = "gnu++20";
				CLANG_ENABLE_MODULES = YES;
				CLANG_ENABLE_OBJC_ARC = YES;
				CLANG_ENABLE_OBJC_WEAK = YES;
				CLANG_WARN_BLOCK_CAPTURE_AUTORELEASING = YES;
				CLANG_WARN_BOOL_CONVERSION = YES;
				CLANG_WARN_COMMA = YES;
				CLANG_WARN_CONSTANT_CONVERSION = YES;
				CLANG_WARN_DEPRECATED_OBJC_IMPLEMENTATIONS = YES;
				CLANG_WARN_DIRECT_OBJC_ISA_USAGE = YES_ERROR;
				CLANG_WARN_DOCUMENTATION_COMMENTS = YES;
				CLANG_WARN_EMPTY_BODY = YES;
				CLANG_WARN_ENUM_CONVERSION = YES;
				CLANG_WARN_INFINITE_RECURSION = YES;
				CLANG_WARN_INT_CONVERSION = YES;
				CLANG_WARN_NON_LITERAL_NULL_CONVERSION = YES;
				CLANG_WARN_OBJC_IMPLICIT_RETAIN_SELF = YES;
				CLANG_WARN_OBJC_LITERAL_CONVERSION = YES;
				CLANG_WARN_OBJC_ROOT_CLASS = YES_ERROR;
				CLANG_WARN_QUOTED_INCLUDE_IN_FRAMEWORK_HEADER = YES;
				CLANG_WARN_RANGE_LOOP_ANALYSIS = YES;
				CLANG_WARN_STRICT_PROTOTYPES = YES;
				CLANG_WARN_SUSPICIOUS_MOVE = YES;
				CLANG_WARN_UNGUARDED_AVAILABILITY = YES_AGGRESSIVE;
				CLANG_WARN_UNREACHABLE_CODE = YES;
				CLANG_WARN__DUPLICATE_METHOD_MATCH = YES;
				COPY_PHASE_STRIP = NO;
				DEBUG_INFORMATION_FORMAT = "dwarf-with-dsym";
				DEVELOPMENT_TEAM = J6WS485C6Q;
				ENABLE_NS_ASSERTIONS = NO;
				ENABLE_STRICT_OBJC_MSGSEND = YES;
				ENABLE_USER_SCRIPT_SANDBOXING = YES;
				GCC_C_LANGUAGE_STANDARD = gnu17;
				GCC_NO_COMMON_BLOCKS = YES;
				GCC_WARN_64_TO_32_BIT_CONVERSION = YES;
				GCC_WARN_ABOUT_RETURN_TYPE = YES_ERROR;
				GCC_WARN_UNDECLARED_SELECTOR = YES;
				GCC_WARN_UNINITIALIZED_AUTOS = YES_AGGRESSIVE;
				GCC_WARN_UNUSED_FUNCTION = YES;
				GCC_WARN_UNUSED_VARIABLE = YES;
				LOCALIZATION_PREFERS_STRING_CATALOGS = YES;
				MTL_ENABLE_DEBUG_INFO = NO;
				MTL_FAST_MATH = YES;
				SWIFT_COMPILATION_MODE = wholemodule;
			};
			name = Release;
		};
		FD30CDBE2F0B83550084A1A4 /* Debug */ = {
			isa = XCBuildConfiguration;
			buildSettings = {
				ASSETCATALOG_COMPILER_APPICON_NAME = AppIcon;
				ASSETCATALOG_COMPILER_GLOBAL_ACCENT_COLOR_NAME = AccentColor;
				CODE_SIGN_STYLE = Automatic;
				CURRENT_PROJECT_VERSION = 1;
				DEVELOPMENT_TEAM = 79PT85H523;
				ENABLE_APP_SANDBOX = YES;
				ENABLE_HARDENED_RUNTIME = YES;
				ENABLE_PREVIEWS = YES;
				ENABLE_USER_SELECTED_FILES = readonly;
				GENERATE_INFOPLIST_FILE = YES;
				"INFOPLIST_KEY_UIApplicationSceneManifest_Generation[sdk=iphoneos*]" = YES;
				"INFOPLIST_KEY_UIApplicationSceneManifest_Generation[sdk=iphonesimulator*]" = YES;
				"INFOPLIST_KEY_UIApplicationSupportsIndirectInputEvents[sdk=iphoneos*]" = YES;
				"INFOPLIST_KEY_UIApplicationSupportsIndirectInputEvents[sdk=iphonesimulator*]" = YES;
				"INFOPLIST_KEY_UILaunchScreen_Generation[sdk=iphoneos*]" = YES;
				"INFOPLIST_KEY_UILaunchScreen_Generation[sdk=iphonesimulator*]" = YES;
				"INFOPLIST_KEY_UIStatusBarStyle[sdk=iphoneos*]" = UIStatusBarStyleDefault;
				"INFOPLIST_KEY_UIStatusBarStyle[sdk=iphonesimulator*]" = UIStatusBarStyleDefault;
				INFOPLIST_KEY_UISupportedInterfaceOrientations_iPad = "UIInterfaceOrientationPortrait UIInterfaceOrientationPortraitUpsideDown UIInterfaceOrientationLandscapeLeft UIInterfaceOrientationLandscapeRight";
				INFOPLIST_KEY_UISupportedInterfaceOrientations_iPhone = "UIInterfaceOrientationPortrait UIInterfaceOrientationLandscapeLeft UIInterfaceOrientationLandscapeRight";
				IPHONEOS_DEPLOYMENT_TARGET = 17.6;
				LD_RUNPATH_SEARCH_PATHS = "@executable_path/Frameworks";
				"LD_RUNPATH_SEARCH_PATHS[sdk=macosx*]" = "@executable_path/../Frameworks";
				MACOSX_DEPLOYMENT_TARGET = 14.6;
				MARKETING_VERSION = 1.0;
				PRODUCT_BUNDLE_IDENTIFIER = com.bb1.SupabaseTest;
				"PRODUCT_BUNDLE_IDENTIFIER[sdk=iphoneos*]" = com.supabasetest1;
				PRODUCT_NAME = "$(TARGET_NAME)";
				REGISTER_APP_GROUPS = YES;
				SDKROOT = auto;
				STRING_CATALOG_GENERATE_SYMBOLS = YES;
				SUPPORTED_PLATFORMS = "iphoneos iphonesimulator macosx xros xrsimulator";
				SWIFT_APPROACHABLE_CONCURRENCY = YES;
				SWIFT_DEFAULT_ACTOR_ISOLATION = MainActor;
				SWIFT_EMIT_LOC_STRINGS = YES;
				SWIFT_UPCOMING_FEATURE_MEMBER_IMPORT_VISIBILITY = YES;
				SWIFT_VERSION = 5.0;
				TARGETED_DEVICE_FAMILY = "1,2,7";
				XROS_DEPLOYMENT_TARGET = 26.2;
			};
			name = Debug;
		};
		FD30CDBF2F0B83550084A1A4 /* Release */ = {
			isa = XCBuildConfiguration;
			buildSettings = {
				ASSETCATALOG_COMPILER_APPICON_NAME = AppIcon;
				ASSETCATALOG_COMPILER_GLOBAL_ACCENT_COLOR_NAME = AccentColor;
				CODE_SIGN_STYLE = Automatic;
				CURRENT_PROJECT_VERSION = 1;
				DEVELOPMENT_TEAM = 79PT85H523;
				ENABLE_APP_SANDBOX = YES;
				ENABLE_HARDENED_RUNTIME = YES;
				ENABLE_PREVIEWS = YES;
				ENABLE_USER_SELECTED_FILES = readonly;
				GENERATE_INFOPLIST_FILE = YES;
				"INFOPLIST_KEY_UIApplicationSceneManifest_Generation[sdk=iphoneos*]" = YES;
				"INFOPLIST_KEY_UIApplicationSceneManifest_Generation[sdk=iphonesimulator*]" = YES;
				"INFOPLIST_KEY_UIApplicationSupportsIndirectInputEvents[sdk=iphoneos*]" = YES;
				"INFOPLIST_KEY_UIApplicationSupportsIndirectInputEvents[sdk=iphonesimulator*]" = YES;
				"INFOPLIST_KEY_UILaunchScreen_Generation[sdk=iphoneos*]" = YES;
				"INFOPLIST_KEY_UILaunchScreen_Generation[sdk=iphonesimulator*]" = YES;
				"INFOPLIST_KEY_UIStatusBarStyle[sdk=iphoneos*]" = UIStatusBarStyleDefault;
				"INFOPLIST_KEY_UIStatusBarStyle[sdk=iphonesimulator*]" = UIStatusBarStyleDefault;
				INFOPLIST_KEY_UISupportedInterfaceOrientations_iPad = "UIInterfaceOrientationPortrait UIInterfaceOrientationPortraitUpsideDown UIInterfaceOrientationLandscapeLeft UIInterfaceOrientationLandscapeRight";
				INFOPLIST_KEY_UISupportedInterfaceOrientations_iPhone = "UIInterfaceOrientationPortrait UIInterfaceOrientationLandscapeLeft UIInterfaceOrientationLandscapeRight";
				IPHONEOS_DEPLOYMENT_TARGET = 17.6;
				LD_RUNPATH_SEARCH_PATHS = "@executable_path/Frameworks";
				"LD_RUNPATH_SEARCH_PATHS[sdk=macosx*]" = "@executable_path/../Frameworks";
				MACOSX_DEPLOYMENT_TARGET = 14.6;
				MARKETING_VERSION = 1.0;
				PRODUCT_BUNDLE_IDENTIFIER = com.bb1.SupabaseTest;
				"PRODUCT_BUNDLE_IDENTIFIER[sdk=iphoneos*]" = com.supabasetest1;
				PRODUCT_NAME = "$(TARGET_NAME)";
				REGISTER_APP_GROUPS = YES;
				SDKROOT = auto;
				STRING_CATALOG_GENERATE_SYMBOLS = YES;
				SUPPORTED_PLATFORMS = "iphoneos iphonesimulator macosx xros xrsimulator";
				SWIFT_APPROACHABLE_CONCURRENCY = YES;
				SWIFT_DEFAULT_ACTOR_ISOLATION = MainActor;
				SWIFT_EMIT_LOC_STRINGS = YES;
				SWIFT_UPCOMING_FEATURE_MEMBER_IMPORT_VISIBILITY = YES;
				SWIFT_VERSION = 5.0;
				TARGETED_DEVICE_FAMILY = "1,2,7";
				XROS_DEPLOYMENT_TARGET = 26.2;
			};
			name = Release;
		};
		DCB2D15FE6D448E8ADF61EA8 /* Debug */ = {
			isa = XCBuildConfiguration;
			buildSettings = {
				CODE_SIGN_STYLE = Automatic;
				CURRENT_PROJECT_VERSION = 1;
				DEVELOPMENT_TEAM = 79PT85H523;
				GENERATE_INFOPLIST_FILE = YES;
				IPHONEOS_DEPLOYMENT_TARGET = 17.6;
				LD_RUNPATH_SEARCH_PATHS = "@executable_path/Frameworks";
				"LD_RUNPATH_SEARCH_PATHS[sdk=macosx*]" = "@executable_path/../Frameworks";
				MACOSX_DEPLOYMENT_TARGET = 14.6;
				MARKETING_VERSION = 1.0;
				PRODUCT_BUNDLE_IDENTIFIER = com.bb1.SupabaseTestTests;
				PRODUCT_NAME = "$(TARGET_NAME)";
				SDKROOT = auto;
				SUPPORTED_PLATFORMS = "iphoneos iphonesimulator macosx xros xrsimulator";
				SWIFT_VERSION = 5.0;
				TARGETED_DEVICE_FAMILY = "1,2,7";
				"BUNDLE_LOADER[sdk=iphoneos*]" = "$(TEST_HOST)";
				"BUNDLE_LOADER[sdk=iphonesimulator*]" = "$(TEST_HOST)";
				"BUNDLE_LOADER[sdk=macosx*]" = "$(TEST_HOST)";
				"BUNDLE_LOADER[sdk=xros*]" = "$(TEST_HOST)";
				"BUNDLE_LOADER[sdk=xrsimulator*]" = "$(TEST_HOST)";
				"TEST_HOST[sdk=iphoneos*]" = "$(BUILT_PRODUCTS_DIR)/SupabaseTest.app/SupabaseTest";
				"TEST_HOST[sdk=iphonesimulator*]" = "$(BUILT_PRODUCTS_DIR)/SupabaseTest.app/SupabaseTest";
				"TEST_HOST[sdk=macosx*]" = "$(BUILT_PRODUCTS_DIR)/SupabaseTest.app/Contents/MacOS/SupabaseTest";
				"TEST_HOST[sdk=xros*]" = "$(BUILT_PRODUCTS_DIR)/SupabaseTest.app/SupabaseTest";
				"TEST_HOST[sdk=xrsimulator*]" = "$(BUILT_PRODUCTS_DIR)/SupabaseTest.app/SupabaseTest";
			};
			name = Debug;
		};
		7860561249AE461393747F24 /* Release */ = {
			isa = XCBuildConfiguration;
			buildSettings = {
				CODE_SIGN_STYLE = Automatic;
				CURRENT_PROJECT_VERSION = 1;
				DEVELOPMENT_TEAM = 79PT85H523;
				GENERATE_INFOPLIST_FILE = YES;
				IPHONEOS_DEPLOYMENT_TARGET = 17.6;
				LD_RUNPATH_SEARCH_PATHS = "@executable_path/Frameworks";
				"LD_RUNPATH_SEARCH_PATHS[sdk=macosx*]" = "@executable_path/../Frameworks";
				MACOSX_DEPLOYMENT_TARGET = 14.6;
				MARKETING_VERSION = 1.0;
				PRODUCT_BUNDLE_IDENTIFIER = com.bb1.SupabaseTestTests;
				PRODUCT_NAME = "$(TARGET_NAME)";
				SDKROOT = auto;
				SUPPORTED_PLATFORMS = "iphoneos iphonesimulator macosx xros xrsimulator";
				SWIFT_VERSION = 5.0;
				TARGETED_DEVICE_FAMILY = "1,2,7";
				"BUNDLE_LOADER[sdk=iphoneos*]" = "$(TEST_HOST)";
				"BUNDLE_LOADER[sdk=iphonesimulator*]" = "$(TEST_HOST)";
				"BUNDLE_LOADER[sdk=macosx*]" = "$(TEST_HOST)";
				"BUNDLE_LOADER[sdk=xros*]" = "$(TEST_HOST)";
				"BUNDLE_LOADER[sdk=xrsimulator*]" = "$(TEST_HOST)";
				"TEST_HOST[sdk=iphoneos*]" = "$(BUILT_PRODUCTS_DIR)/SupabaseTest.app/SupabaseTest";
				"TEST_HOST[sdk=iphonesimulator*]" = "$(BUILT_PRODUCTS_DIR)/SupabaseTest.app/SupabaseTest";
				"TEST_HOST[sdk=macosx*]" = "$(BUILT_PRODUCTS_DIR)/SupabaseTest.app/Contents/MacOS/SupabaseTest";
				"TEST_HOST[sdk=xros*]" = "$(BUILT_PRODUCTS_DIR)/SupabaseTest.app/SupabaseTest";
				"TEST_HOST[sdk=xrsimulator*]" = "$(BUILT_PRODUCTS_DIR)/SupabaseTest.app/SupabaseTest";
			};
			name = Release;
		};
/* End XCBuildConfiguration section */

/* Begin XCConfigurationList section */
		FD30CDAD2F0B83530084A1A4 /* Build configuration list for PBXProject "SupabaseTest" */ = {
			isa = XCConfigurationList;
			buildConfigurations = (
				FD30CDBB2F0B83550084A1A4 /* Debug */,
				FD30CDBC2F0B83550084A1A4 /* Release */,
			);
			defaultConfigurationIsVisible = 0;
			defaultConfigurationName = Release;
		};
		FD30CDBD2F0B83550084A1A4 /* Build configuration list for PBXNativeTarget "SupabaseTest" */ = {
			isa = XCConfigurationList;
			buildConfigurations = (
				FD30CDBE2F0B83550084A1A4 /* Debug */,
				FD30CDBF2F0B83550084A1A4 /* Release */,
			);
			defaultConfigurationIsVisible = 0;
			defaultConfigurationName = Release;
		};
		5024B0F29FA245D1B94D84E7 /* Build configuration list for PBXNativeTarget "SupabaseTestTests" */ = {
			isa = XCConfigurationList;
			buildConfigurations = (
				DCB2D15FE6D448E8ADF61EA8 /* Debug */,
				7860561249AE461393747F24 /* Release */,
			);
			defaultConfigurationIsVisible = 0;
			defaultConfigurationName = Release;
		};
/* End XCConfigurationList section */

/* Begin XCRemoteSwiftPackageReference section */
		FD30CDC02F0B83AD0084A1A4 /* XCRemoteSwiftPackageReference "supabase-swift" */ = {
			isa = XCRemoteSwiftPackageReference;
			repositoryURL = "https://github.com/supabase/supabase-swift.git";
			requirement = {
				kind = upToNextMajorVersion;
				minimumVersion = 2.31.9;
			};
		};
/* End XCRemoteSwiftPackageReference section */

/* Begin XCSwiftPackageProductDependency section */
		FD30CDC12F0B83AD0084A1A4 /* Auth */ = {
			isa = XCSwiftPackageProductDependency;
			package = FD30CDC02F0B83AD0084A1A4 /* XCRemoteSwiftPackageReference "supabase-swift" */;
			productName = Auth;
		};
		FD30CDC32F0B83AD0084A1A4 /* Functions */ = {
			isa = XCSwiftPackageProductDependency;
			package = FD30CDC02F0B83AD0084A1A4 /* XCRemoteSwiftPackageReference "supabase-swift" */;
			productName = Functions;
		};
		FD30CDC52F0B83AD0084A1A4 /* Realtime */ = {
			isa = XCSwiftPackageProductDependency;
			package = FD30CDC02F0B83AD0084A1A4 /* XCRemoteSwiftPackageReference "supabase-swift" */;
			productName = Realtime;
		};
		FD30CDC72F0B83AD0084A1A4 /* Supabase */ = {
			isa = XCSwiftPackageProductDependency;
			package = FD30CDC02F0B83AD0084A1A4 /* XCRemoteSwiftPackageReference "supabase-swift" */;
			productName = Supabase;
		};
/* End XCSwiftPackageProductDependency section */
	};
	rootObject = FD30CDAA2F0B83530084A1A4 /* Project object */;
}
